// !$*UTF8*$!
{
	archiveVersion = 1;
	classes = {
	};
	objectVersion = 46;
	objects = {

/* Begin PBXBuildFile section */
		CB13318F1D7EBD9E00B99F04 /* main.m in Sources */ = {isa = PBXBuildFile; fileRef = CB13318E1D7EBD9E00B99F04 /* main.m */; };
		CB1331921D7EBD9E00B99F04 /* AppDelegate.m in Sources */ = {isa = PBXBuildFile; fileRef = CB1331911D7EBD9E00B99F04 /* AppDelegate.m */; };
		CB1331951D7EBD9E00B99F04 /* ViewController.m in Sources */ = {isa = PBXBuildFile; fileRef = CB1331941D7EBD9E00B99F04 /* ViewController.m */; };
		CB1331981D7EBD9E00B99F04 /* Main.storyboard in Resources */ = {isa = PBXBuildFile; fileRef = CB1331961D7EBD9E00B99F04 /* Main.storyboard */; };
		CB13319A1D7EBD9E00B99F04 /* Assets.xcassets in Resources */ = {isa = PBXBuildFile; fileRef = CB1331991D7EBD9E00B99F04 /* Assets.xcassets */; };
		CB13319D1D7EBD9E00B99F04 /* LaunchScreen.storyboard in Resources */ = {isa = PBXBuildFile; fileRef = CB13319B1D7EBD9E00B99F04 /* LaunchScreen.storyboard */; };
		CB1331CE1D7EBDB100B99F04 /* INImageDetailViewController.m in Sources */ = {isa = PBXBuildFile; fileRef = CB1331AA1D7EBDB100B99F04 /* INImageDetailViewController.m */; };
		CB1331CF1D7EBDB100B99F04 /* INImageListViewController.m in Sources */ = {isa = PBXBuildFile; fileRef = CB1331AC1D7EBDB100B99F04 /* INImageListViewController.m */; };
		CB1331D01D7EBDB100B99F04 /* INImagePickerController.m in Sources */ = {isa = PBXBuildFile; fileRef = CB1331AE1D7EBDB100B99F04 /* INImagePickerController.m */; };
		CB1331D11D7EBDB100B99F04 /* INPickerBaseViewController.m in Sources */ = {isa = PBXBuildFile; fileRef = CB1331B01D7EBDB100B99F04 /* INPickerBaseViewController.m */; };
		CB1331DA1D7EBDB100B99F04 /* INAlbum.m in Sources */ = {isa = PBXBuildFile; fileRef = CB1331BC1D7EBDB100B99F04 /* INAlbum.m */; };
		CB1331DB1D7EBDB100B99F04 /* INImageAsset.m in Sources */ = {isa = PBXBuildFile; fileRef = CB1331BE1D7EBDB100B99F04 /* INImageAsset.m */; };
		CB1331DC1D7EBDB100B99F04 /* INImageManager.m in Sources */ = {isa = PBXBuildFile; fileRef = CB1331C11D7EBDB100B99F04 /* INImageManager.m */; };
		CB1331DD1D7EBDB100B99F04 /* INAlbumCell.m in Sources */ = {isa = PBXBuildFile; fileRef = CB1331C41D7EBDB100B99F04 /* INAlbumCell.m */; };
		CB1331DE1D7EBDB100B99F04 /* INAlbumSelectCell.m in Sources */ = {isa = PBXBuildFile; fileRef = CB1331C61D7EBDB100B99F04 /* INAlbumSelectCell.m */; };
		CB1331DF1D7EBDB100B99F04 /* INAlbumSelectTitle.m in Sources */ = {isa = PBXBuildFile; fileRef = CB1331C81D7EBDB100B99F04 /* INAlbumSelectTitle.m */; };
		CB1331E01D7EBDB100B99F04 /* INImageDetailCell.m in Sources */ = {isa = PBXBuildFile; fileRef = CB1331CA1D7EBDB100B99F04 /* INImageDetailCell.m */; };
		CB1332461D7EC8BD00B99F04 /* INImagePickerController.bundle in Resources */ = {isa = PBXBuildFile; fileRef = CB13322E1D7EC35000B99F04 /* INImagePickerController.bundle */; };
		CB78748C1DAB9BAB00C15411 /* INImageEditViewController.m in Sources */ = {isa = PBXBuildFile; fileRef = CB78748B1DAB9BAB00C15411 /* INImageEditViewController.m */; };
		CB7874951DABA52B00C15411 /* INImageBorderView.m in Sources */ = {isa = PBXBuildFile; fileRef = CB7874941DABA52B00C15411 /* INImageBorderView.m */; };
/* End PBXBuildFile section */

/* Begin PBXContainerItemProxy section */
		CB1331E21D7EBDB100B99F04 /* PBXContainerItemProxy */ = {
			isa = PBXContainerItemProxy;
			containerPortal = CB1331CB1D7EBDB100B99F04 /* INImagePickerController.xcodeproj */;
			proxyType = 2;
			remoteGlobalIDString = CB1331361D7EBCD000B99F04;
			remoteInfo = INImagePickerController;
		};
		CB1331E41D7EBDC800B99F04 /* PBXContainerItemProxy */ = {
			isa = PBXContainerItemProxy;
			containerPortal = CB1331CB1D7EBDB100B99F04 /* INImagePickerController.xcodeproj */;
			proxyType = 1;
			remoteGlobalIDString = CB1331351D7EBCD000B99F04;
			remoteInfo = INImagePickerController;
		};
		CB13322D1D7EC35000B99F04 /* PBXContainerItemProxy */ = {
			isa = PBXContainerItemProxy;
			containerPortal = CB1331CB1D7EBDB100B99F04 /* INImagePickerController.xcodeproj */;
			proxyType = 2;
			remoteGlobalIDString = CB1331FB1D7EC0C800B99F04;
			remoteInfo = INImagePickerControllerBundle;
		};
/* End PBXContainerItemProxy section */

/* Begin PBXFileReference section */
		CB13318A1D7EBD9E00B99F04 /* FrameworkBuilding.app */ = {isa = PBXFileReference; explicitFileType = wrapper.application; includeInIndex = 0; path = FrameworkBuilding.app; sourceTree = BUILT_PRODUCTS_DIR; };
		CB13318E1D7EBD9E00B99F04 /* main.m */ = {isa = PBXFileReference; lastKnownFileType = sourcecode.c.objc; path = main.m; sourceTree = "<group>"; };
		CB1331901D7EBD9E00B99F04 /* AppDelegate.h */ = {isa = PBXFileReference; lastKnownFileType = sourcecode.c.h; path = AppDelegate.h; sourceTree = "<group>"; };
		CB1331911D7EBD9E00B99F04 /* AppDelegate.m */ = {isa = PBXFileReference; lastKnownFileType = sourcecode.c.objc; path = AppDelegate.m; sourceTree = "<group>"; };
		CB1331931D7EBD9E00B99F04 /* ViewController.h */ = {isa = PBXFileReference; lastKnownFileType = sourcecode.c.h; path = ViewController.h; sourceTree = "<group>"; };
		CB1331941D7EBD9E00B99F04 /* ViewController.m */ = {isa = PBXFileReference; lastKnownFileType = sourcecode.c.objc; path = ViewController.m; sourceTree = "<group>"; };
		CB1331971D7EBD9E00B99F04 /* Base */ = {isa = PBXFileReference; lastKnownFileType = file.storyboard; name = Base; path = Base.lproj/Main.storyboard; sourceTree = "<group>"; };
		CB1331991D7EBD9E00B99F04 /* Assets.xcassets */ = {isa = PBXFileReference; lastKnownFileType = folder.assetcatalog; path = Assets.xcassets; sourceTree = "<group>"; };
		CB13319C1D7EBD9E00B99F04 /* Base */ = {isa = PBXFileReference; lastKnownFileType = file.storyboard; name = Base; path = Base.lproj/LaunchScreen.storyboard; sourceTree = "<group>"; };
		CB13319E1D7EBD9E00B99F04 /* Info.plist */ = {isa = PBXFileReference; lastKnownFileType = text.plist.xml; path = Info.plist; sourceTree = "<group>"; };
		CB1331A91D7EBDB100B99F04 /* INImageDetailViewController.h */ = {isa = PBXFileReference; fileEncoding = 4; lastKnownFileType = sourcecode.c.h; path = INImageDetailViewController.h; sourceTree = "<group>"; };
		CB1331AA1D7EBDB100B99F04 /* INImageDetailViewController.m */ = {isa = PBXFileReference; fileEncoding = 4; lastKnownFileType = sourcecode.c.objc; path = INImageDetailViewController.m; sourceTree = "<group>"; };
		CB1331AB1D7EBDB100B99F04 /* INImageListViewController.h */ = {isa = PBXFileReference; fileEncoding = 4; lastKnownFileType = sourcecode.c.h; path = INImageListViewController.h; sourceTree = "<group>"; };
		CB1331AC1D7EBDB100B99F04 /* INImageListViewController.m */ = {isa = PBXFileReference; fileEncoding = 4; lastKnownFileType = sourcecode.c.objc; path = INImageListViewController.m; sourceTree = "<group>"; };
		CB1331AD1D7EBDB100B99F04 /* INImagePickerController.h */ = {isa = PBXFileReference; fileEncoding = 4; lastKnownFileType = sourcecode.c.h; path = INImagePickerController.h; sourceTree = "<group>"; };
		CB1331AE1D7EBDB100B99F04 /* INImagePickerController.m */ = {isa = PBXFileReference; fileEncoding = 4; lastKnownFileType = sourcecode.c.objc; path = INImagePickerController.m; sourceTree = "<group>"; };
		CB1331AF1D7EBDB100B99F04 /* INPickerBaseViewController.h */ = {isa = PBXFileReference; fileEncoding = 4; lastKnownFileType = sourcecode.c.h; path = INPickerBaseViewController.h; sourceTree = "<group>"; };
		CB1331B01D7EBDB100B99F04 /* INPickerBaseViewController.m */ = {isa = PBXFileReference; fileEncoding = 4; lastKnownFileType = sourcecode.c.objc; path = INPickerBaseViewController.m; sourceTree = "<group>"; };
		CB1331BB1D7EBDB100B99F04 /* INAlbum.h */ = {isa = PBXFileReference; fileEncoding = 4; lastKnownFileType = sourcecode.c.h; path = INAlbum.h; sourceTree = "<group>"; };
		CB1331BC1D7EBDB100B99F04 /* INAlbum.m */ = {isa = PBXFileReference; fileEncoding = 4; lastKnownFileType = sourcecode.c.objc; path = INAlbum.m; sourceTree = "<group>"; };
		CB1331BD1D7EBDB100B99F04 /* INImageAsset.h */ = {isa = PBXFileReference; fileEncoding = 4; lastKnownFileType = sourcecode.c.h; path = INImageAsset.h; sourceTree = "<group>"; };
		CB1331BE1D7EBDB100B99F04 /* INImageAsset.m */ = {isa = PBXFileReference; fileEncoding = 4; lastKnownFileType = sourcecode.c.objc; path = INImageAsset.m; sourceTree = "<group>"; };
		CB1331C01D7EBDB100B99F04 /* INImageManager.h */ = {isa = PBXFileReference; fileEncoding = 4; lastKnownFileType = sourcecode.c.h; path = INImageManager.h; sourceTree = "<group>"; };
		CB1331C11D7EBDB100B99F04 /* INImageManager.m */ = {isa = PBXFileReference; fileEncoding = 4; lastKnownFileType = sourcecode.c.objc; path = INImageManager.m; sourceTree = "<group>"; };
		CB1331C31D7EBDB100B99F04 /* INAlbumCell.h */ = {isa = PBXFileReference; fileEncoding = 4; lastKnownFileType = sourcecode.c.h; path = INAlbumCell.h; sourceTree = "<group>"; };
		CB1331C41D7EBDB100B99F04 /* INAlbumCell.m */ = {isa = PBXFileReference; fileEncoding = 4; lastKnownFileType = sourcecode.c.objc; path = INAlbumCell.m; sourceTree = "<group>"; };
		CB1331C51D7EBDB100B99F04 /* INAlbumSelectCell.h */ = {isa = PBXFileReference; fileEncoding = 4; lastKnownFileType = sourcecode.c.h; path = INAlbumSelectCell.h; sourceTree = "<group>"; };
		CB1331C61D7EBDB100B99F04 /* INAlbumSelectCell.m */ = {isa = PBXFileReference; fileEncoding = 4; lastKnownFileType = sourcecode.c.objc; path = INAlbumSelectCell.m; sourceTree = "<group>"; };
		CB1331C71D7EBDB100B99F04 /* INAlbumSelectTitle.h */ = {isa = PBXFileReference; fileEncoding = 4; lastKnownFileType = sourcecode.c.h; path = INAlbumSelectTitle.h; sourceTree = "<group>"; };
		CB1331C81D7EBDB100B99F04 /* INAlbumSelectTitle.m */ = {isa = PBXFileReference; fileEncoding = 4; lastKnownFileType = sourcecode.c.objc; path = INAlbumSelectTitle.m; sourceTree = "<group>"; };
		CB1331C91D7EBDB100B99F04 /* INImageDetailCell.h */ = {isa = PBXFileReference; fileEncoding = 4; lastKnownFileType = sourcecode.c.h; path = INImageDetailCell.h; sourceTree = "<group>"; };
		CB1331CA1D7EBDB100B99F04 /* INImageDetailCell.m */ = {isa = PBXFileReference; fileEncoding = 4; lastKnownFileType = sourcecode.c.objc; path = INImageDetailCell.m; sourceTree = "<group>"; };
		CB1331CB1D7EBDB100B99F04 /* INImagePickerController.xcodeproj */ = {isa = PBXFileReference; lastKnownFileType = "wrapper.pb-project"; path = INImagePickerController.xcodeproj; sourceTree = "<group>"; };
		CB78748A1DAB9BAB00C15411 /* INImageEditViewController.h */ = {isa = PBXFileReference; fileEncoding = 4; lastKnownFileType = sourcecode.c.h; path = INImageEditViewController.h; sourceTree = "<group>"; };
		CB78748B1DAB9BAB00C15411 /* INImageEditViewController.m */ = {isa = PBXFileReference; fileEncoding = 4; lastKnownFileType = sourcecode.c.objc; path = INImageEditViewController.m; sourceTree = "<group>"; };
		CB7874931DABA52B00C15411 /* INImageBorderView.h */ = {isa = PBXFileReference; fileEncoding = 4; lastKnownFileType = sourcecode.c.h; path = INImageBorderView.h; sourceTree = "<group>"; };
		CB7874941DABA52B00C15411 /* INImageBorderView.m */ = {isa = PBXFileReference; fileEncoding = 4; lastKnownFileType = sourcecode.c.objc; path = INImageBorderView.m; sourceTree = "<group>"; };
/* End PBXFileReference section */

/* Begin PBXFrameworksBuildPhase section */
		CB1331871D7EBD9E00B99F04 /* Frameworks */ = {
			isa = PBXFrameworksBuildPhase;
			buildActionMask = 2147483647;
			files = (
			);
			runOnlyForDeploymentPostprocessing = 0;
		};
/* End PBXFrameworksBuildPhase section */

/* Begin PBXGroup section */
		CB1331811D7EBD9E00B99F04 = {
			isa = PBXGroup;
			children = (
				CB13318C1D7EBD9E00B99F04 /* FrameworkBuilding */,
				CB13318B1D7EBD9E00B99F04 /* Products */,
			);
			sourceTree = "<group>";
		};
		CB13318B1D7EBD9E00B99F04 /* Products */ = {
			isa = PBXGroup;
			children = (
				CB13318A1D7EBD9E00B99F04 /* FrameworkBuilding.app */,
			);
			name = Products;
			sourceTree = "<group>";
		};
		CB13318C1D7EBD9E00B99F04 /* FrameworkBuilding */ = {
			isa = PBXGroup;
			children = (
				CB1331A41D7EBDB100B99F04 /* INImagePickerController */,
				CB1331901D7EBD9E00B99F04 /* AppDelegate.h */,
				CB1331911D7EBD9E00B99F04 /* AppDelegate.m */,
				CB1331931D7EBD9E00B99F04 /* ViewController.h */,
				CB1331941D7EBD9E00B99F04 /* ViewController.m */,
				CB1331961D7EBD9E00B99F04 /* Main.storyboard */,
				CB1331991D7EBD9E00B99F04 /* Assets.xcassets */,
				CB13319B1D7EBD9E00B99F04 /* LaunchScreen.storyboard */,
				CB13319E1D7EBD9E00B99F04 /* Info.plist */,
				CB13318D1D7EBD9E00B99F04 /* Supporting Files */,
			);
			path = FrameworkBuilding;
			sourceTree = "<group>";
		};
		CB13318D1D7EBD9E00B99F04 /* Supporting Files */ = {
			isa = PBXGroup;
			children = (
				CB13318E1D7EBD9E00B99F04 /* main.m */,
			);
			name = "Supporting Files";
			sourceTree = "<group>";
		};
		CB1331A41D7EBDB100B99F04 /* INImagePickerController */ = {
			isa = PBXGroup;
			children = (
				CB1331A51D7EBDB100B99F04 /* INImagePickerController */,
				CB1331CB1D7EBDB100B99F04 /* INImagePickerController.xcodeproj */,
			);
			path = INImagePickerController;
			sourceTree = "<group>";
		};
		CB1331A51D7EBDB100B99F04 /* INImagePickerController */ = {
			isa = PBXGroup;
			children = (
				CB1331A61D7EBDB100B99F04 /* INImagePickerController */,
			);
			path = INImagePickerController;
			sourceTree = "<group>";
		};
		CB1331A61D7EBDB100B99F04 /* INImagePickerController */ = {
			isa = PBXGroup;
			children = (
				CB1331A71D7EBDB100B99F04 /* INImagePickerController */,
			);
			path = INImagePickerController;
			sourceTree = "<group>";
		};
		CB1331A71D7EBDB100B99F04 /* INImagePickerController */ = {
			isa = PBXGroup;
			children = (
				CB1331A81D7EBDB100B99F04 /* Controllers */,
				CB1331BA1D7EBDB100B99F04 /* Models */,
				CB1331BF1D7EBDB100B99F04 /* Utils */,
				CB1331C21D7EBDB100B99F04 /* Views */,
			);
			path = INImagePickerController;
			sourceTree = "<group>";
		};
		CB1331A81D7EBDB100B99F04 /* Controllers */ = {
			isa = PBXGroup;
			children = (
				CB1331A91D7EBDB100B99F04 /* INImageDetailViewController.h */,
				CB1331AA1D7EBDB100B99F04 /* INImageDetailViewController.m */,
				CB1331AB1D7EBDB100B99F04 /* INImageListViewController.h */,
				CB1331AC1D7EBDB100B99F04 /* INImageListViewController.m */,
				CB1331AD1D7EBDB100B99F04 /* INImagePickerController.h */,
				CB1331AE1D7EBDB100B99F04 /* INImagePickerController.m */,
				CB78748A1DAB9BAB00C15411 /* INImageEditViewController.h */,
				CB78748B1DAB9BAB00C15411 /* INImageEditViewController.m */,
				CB1331AF1D7EBDB100B99F04 /* INPickerBaseViewController.h */,
				CB1331B01D7EBDB100B99F04 /* INPickerBaseViewController.m */,
			);
			path = Controllers;
			sourceTree = "<group>";
		};
		CB1331BA1D7EBDB100B99F04 /* Models */ = {
			isa = PBXGroup;
			children = (
				CB1331BB1D7EBDB100B99F04 /* INAlbum.h */,
				CB1331BC1D7EBDB100B99F04 /* INAlbum.m */,
				CB1331BD1D7EBDB100B99F04 /* INImageAsset.h */,
				CB1331BE1D7EBDB100B99F04 /* INImageAsset.m */,
			);
			path = Models;
			sourceTree = "<group>";
		};
		CB1331BF1D7EBDB100B99F04 /* Utils */ = {
			isa = PBXGroup;
			children = (
				CB1331C01D7EBDB100B99F04 /* INImageManager.h */,
				CB1331C11D7EBDB100B99F04 /* INImageManager.m */,
			);
			path = Utils;
			sourceTree = "<group>";
		};
		CB1331C21D7EBDB100B99F04 /* Views */ = {
			isa = PBXGroup;
			children = (
				CB1331C31D7EBDB100B99F04 /* INAlbumCell.h */,
				CB1331C41D7EBDB100B99F04 /* INAlbumCell.m */,
				CB1331C51D7EBDB100B99F04 /* INAlbumSelectCell.h */,
				CB1331C61D7EBDB100B99F04 /* INAlbumSelectCell.m */,
				CB1331C71D7EBDB100B99F04 /* INAlbumSelectTitle.h */,
				CB1331C81D7EBDB100B99F04 /* INAlbumSelectTitle.m */,
				CB1331C91D7EBDB100B99F04 /* INImageDetailCell.h */,
				CB1331CA1D7EBDB100B99F04 /* INImageDetailCell.m */,
				CB7874931DABA52B00C15411 /* INImageBorderView.h */,
				CB7874941DABA52B00C15411 /* INImageBorderView.m */,
			);
			path = Views;
			sourceTree = "<group>";
		};
		CB1331CC1D7EBDB100B99F04 /* Products */ = {
			isa = PBXGroup;
			children = (
				CB1331E31D7EBDB100B99F04 /* libINImagePickerController.a */,
				CB13322E1D7EC35000B99F04 /* INImagePickerController.bundle */,
			);
			name = Products;
			sourceTree = "<group>";
		};
/* End PBXGroup section */

/* Begin PBXNativeTarget section */
		CB1331891D7EBD9E00B99F04 /* FrameworkBuilding */ = {
			isa = PBXNativeTarget;
			buildConfigurationList = CB1331A11D7EBD9E00B99F04 /* Build configuration list for PBXNativeTarget "FrameworkBuilding" */;
			buildPhases = (
				CB1331861D7EBD9E00B99F04 /* Sources */,
				CB1331871D7EBD9E00B99F04 /* Frameworks */,
				CB1331881D7EBD9E00B99F04 /* Resources */,
			);
			buildRules = (
			);
			dependencies = (
				CB1331E51D7EBDC800B99F04 /* PBXTargetDependency */,
			);
			name = FrameworkBuilding;
			productName = FrameworkBuilding;
			productReference = CB13318A1D7EBD9E00B99F04 /* FrameworkBuilding.app */;
			productType = "com.apple.product-type.application";
		};
/* End PBXNativeTarget section */

/* Begin PBXProject section */
		CB1331821D7EBD9E00B99F04 /* Project object */ = {
			isa = PBXProject;
			attributes = {
				LastUpgradeCheck = 0720;
				ORGANIZATIONNAME = MaMingkun;
				TargetAttributes = {
					CB1331891D7EBD9E00B99F04 = {
						CreatedOnToolsVersion = 7.2;
						DevelopmentTeam = S429W65P38;
						ProvisioningStyle = Manual;
					};
				};
			};
			buildConfigurationList = CB1331851D7EBD9E00B99F04 /* Build configuration list for PBXProject "FrameworkBuilding" */;
			compatibilityVersion = "Xcode 3.2";
			developmentRegion = English;
			hasScannedForEncodings = 0;
			knownRegions = (
				en,
				Base,
			);
			mainGroup = CB1331811D7EBD9E00B99F04;
			productRefGroup = CB13318B1D7EBD9E00B99F04 /* Products */;
			projectDirPath = "";
			projectReferences = (
				{
					ProductGroup = CB1331CC1D7EBDB100B99F04 /* Products */;
					ProjectRef = CB1331CB1D7EBDB100B99F04 /* INImagePickerController.xcodeproj */;
				},
			);
			projectRoot = "";
			targets = (
				CB1331891D7EBD9E00B99F04 /* FrameworkBuilding */,
			);
		};
/* End PBXProject section */

/* Begin PBXReferenceProxy section */
		CB1331E31D7EBDB100B99F04 /* libINImagePickerController.a */ = {
			isa = PBXReferenceProxy;
			fileType = archive.ar;
			path = libINImagePickerController.a;
			remoteRef = CB1331E21D7EBDB100B99F04 /* PBXContainerItemProxy */;
			sourceTree = BUILT_PRODUCTS_DIR;
		};
		CB13322E1D7EC35000B99F04 /* INImagePickerController.bundle */ = {
			isa = PBXReferenceProxy;
			fileType = wrapper.cfbundle;
			path = INImagePickerController.bundle;
			remoteRef = CB13322D1D7EC35000B99F04 /* PBXContainerItemProxy */;
			sourceTree = BUILT_PRODUCTS_DIR;
		};
/* End PBXReferenceProxy section */

/* Begin PBXResourcesBuildPhase section */
		CB1331881D7EBD9E00B99F04 /* Resources */ = {
			isa = PBXResourcesBuildPhase;
			buildActionMask = 2147483647;
			files = (
				CB13319D1D7EBD9E00B99F04 /* LaunchScreen.storyboard in Resources */,
				CB13319A1D7EBD9E00B99F04 /* Assets.xcassets in Resources */,
				CB1332461D7EC8BD00B99F04 /* INImagePickerController.bundle in Resources */,
				CB1331981D7EBD9E00B99F04 /* Main.storyboard in Resources */,
			);
			runOnlyForDeploymentPostprocessing = 0;
		};
/* End PBXResourcesBuildPhase section */

/* Begin PBXSourcesBuildPhase section */
		CB1331861D7EBD9E00B99F04 /* Sources */ = {
			isa = PBXSourcesBuildPhase;
			buildActionMask = 2147483647;
			files = (
				CB1331D11D7EBDB100B99F04 /* INPickerBaseViewController.m in Sources */,
				CB7874951DABA52B00C15411 /* INImageBorderView.m in Sources */,
				CB1331DD1D7EBDB100B99F04 /* INAlbumCell.m in Sources */,
				CB1331D01D7EBDB100B99F04 /* INImagePickerController.m in Sources */,
				CB1331E01D7EBDB100B99F04 /* INImageDetailCell.m in Sources */,
				CB78748C1DAB9BAB00C15411 /* INImageEditViewController.m in Sources */,
				CB1331CF1D7EBDB100B99F04 /* INImageListViewController.m in Sources */,
				CB1331DB1D7EBDB100B99F04 /* INImageAsset.m in Sources */,
				CB1331DC1D7EBDB100B99F04 /* INImageManager.m in Sources */,
				CB1331DE1D7EBDB100B99F04 /* INAlbumSelectCell.m in Sources */,
				CB1331CE1D7EBDB100B99F04 /* INImageDetailViewController.m in Sources */,
				CB1331DA1D7EBDB100B99F04 /* INAlbum.m in Sources */,
				CB1331951D7EBD9E00B99F04 /* ViewController.m in Sources */,
				CB1331DF1D7EBDB100B99F04 /* INAlbumSelectTitle.m in Sources */,
				CB1331921D7EBD9E00B99F04 /* AppDelegate.m in Sources */,
				CB13318F1D7EBD9E00B99F04 /* main.m in Sources */,
			);
			runOnlyForDeploymentPostprocessing = 0;
		};
/* End PBXSourcesBuildPhase section */

/* Begin PBXTargetDependency section */
		CB1331E51D7EBDC800B99F04 /* PBXTargetDependency */ = {
			isa = PBXTargetDependency;
			name = INImagePickerController;
			targetProxy = CB1331E41D7EBDC800B99F04 /* PBXContainerItemProxy */;
		};
/* End PBXTargetDependency section */

/* Begin PBXVariantGroup section */
		CB1331961D7EBD9E00B99F04 /* Main.storyboard */ = {
			isa = PBXVariantGroup;
			children = (
				CB1331971D7EBD9E00B99F04 /* Base */,
			);
			name = Main.storyboard;
			sourceTree = "<group>";
		};
		CB13319B1D7EBD9E00B99F04 /* LaunchScreen.storyboard */ = {
			isa = PBXVariantGroup;
			children = (
				CB13319C1D7EBD9E00B99F04 /* Base */,
			);
			name = LaunchScreen.storyboard;
			sourceTree = "<group>";
		};
/* End PBXVariantGroup section */

/* Begin XCBuildConfiguration section */
		CB13319F1D7EBD9E00B99F04 /* Debug */ = {
			isa = XCBuildConfiguration;
			buildSettings = {
				ALWAYS_SEARCH_USER_PATHS = NO;
				CLANG_CXX_LANGUAGE_STANDARD = "gnu++0x";
				CLANG_CXX_LIBRARY = "libc++";
				CLANG_ENABLE_MODULES = YES;
				CLANG_ENABLE_OBJC_ARC = YES;
				CLANG_WARN_BOOL_CONVERSION = YES;
				CLANG_WARN_CONSTANT_CONVERSION = YES;
				CLANG_WARN_DIRECT_OBJC_ISA_USAGE = YES_ERROR;
				CLANG_WARN_EMPTY_BODY = YES;
				CLANG_WARN_ENUM_CONVERSION = YES;
				CLANG_WARN_INT_CONVERSION = YES;
				CLANG_WARN_OBJC_ROOT_CLASS = YES_ERROR;
				CLANG_WARN_UNREACHABLE_CODE = YES;
				CLANG_WARN__DUPLICATE_METHOD_MATCH = YES;
				"CODE_SIGN_IDENTITY[sdk=iphoneos*]" = "iPhone Developer";
				COPY_PHASE_STRIP = NO;
				DEBUG_INFORMATION_FORMAT = dwarf;
				ENABLE_STRICT_OBJC_MSGSEND = YES;
				ENABLE_TESTABILITY = YES;
				GCC_C_LANGUAGE_STANDARD = gnu99;
				GCC_DYNAMIC_NO_PIC = NO;
				GCC_NO_COMMON_BLOCKS = YES;
				GCC_OPTIMIZATION_LEVEL = 0;
				GCC_PREPROCESSOR_DEFINITIONS = (
					"DEBUG=1",
					"$(inherited)",
				);
				GCC_WARN_64_TO_32_BIT_CONVERSION = YES;
				GCC_WARN_ABOUT_RETURN_TYPE = YES_ERROR;
				GCC_WARN_UNDECLARED_SELECTOR = YES;
				GCC_WARN_UNINITIALIZED_AUTOS = YES_AGGRESSIVE;
				GCC_WARN_UNUSED_FUNCTION = YES;
				GCC_WARN_UNUSED_VARIABLE = YES;
				IPHONEOS_DEPLOYMENT_TARGET = 9.2;
				MTL_ENABLE_DEBUG_INFO = YES;
				ONLY_ACTIVE_ARCH = YES;
				SDKROOT = iphoneos;
			};
			name = Debug;
		};
		CB1331A01D7EBD9E00B99F04 /* Release */ = {
			isa = XCBuildConfiguration;
			buildSettings = {
				ALWAYS_SEARCH_USER_PATHS = NO;
				CLANG_CXX_LANGUAGE_STANDARD = "gnu++0x";
				CLANG_CXX_LIBRARY = "libc++";
				CLANG_ENABLE_MODULES = YES;
				CLANG_ENABLE_OBJC_ARC = YES;
				CLANG_WARN_BOOL_CONVERSION = YES;
				CLANG_WARN_CONSTANT_CONVERSION = YES;
				CLANG_WARN_DIRECT_OBJC_ISA_USAGE = YES_ERROR;
				CLANG_WARN_EMPTY_BODY = YES;
				CLANG_WARN_ENUM_CONVERSION = YES;
				CLANG_WARN_INT_CONVERSION = YES;
				CLANG_WARN_OBJC_ROOT_CLASS = YES_ERROR;
				CLANG_WARN_UNREACHABLE_CODE = YES;
				CLANG_WARN__DUPLICATE_METHOD_MATCH = YES;
				"CODE_SIGN_IDENTITY[sdk=iphoneos*]" = "iPhone Developer";
				COPY_PHASE_STRIP = NO;
				DEBUG_INFORMATION_FORMAT = "dwarf-with-dsym";
				ENABLE_NS_ASSERTIONS = NO;
				ENABLE_STRICT_OBJC_MSGSEND = YES;
				GCC_C_LANGUAGE_STANDARD = gnu99;
				GCC_NO_COMMON_BLOCKS = YES;
				GCC_WARN_64_TO_32_BIT_CONVERSION = YES;
				GCC_WARN_ABOUT_RETURN_TYPE = YES_ERROR;
				GCC_WARN_UNDECLARED_SELECTOR = YES;
				GCC_WARN_UNINITIALIZED_AUTOS = YES_AGGRESSIVE;
				GCC_WARN_UNUSED_FUNCTION = YES;
				GCC_WARN_UNUSED_VARIABLE = YES;
				IPHONEOS_DEPLOYMENT_TARGET = 9.2;
				MTL_ENABLE_DEBUG_INFO = NO;
				SDKROOT = iphoneos;
				VALIDATE_PRODUCT = YES;
			};
			name = Release;
		};
		CB1331A21D7EBD9E00B99F04 /* Debug */ = {
			isa = XCBuildConfiguration;
			buildSettings = {
				ASSETCATALOG_COMPILER_APPICON_NAME = AppIcon;
				DEVELOPMENT_TEAM = S429W65P38;
				INFOPLIST_FILE = FrameworkBuilding/Info.plist;
				IPHONEOS_DEPLOYMENT_TARGET = 8.0;
				LD_RUNPATH_SEARCH_PATHS = "$(inherited) @executable_path/Frameworks";
				PRODUCT_BUNDLE_IDENTIFIER = cn.Yuuki.FrameworkBuilding;
				PRODUCT_NAME = "$(TARGET_NAME)";
				PROVISIONING_PROFILE = "e1b9abe1-725c-45be-ac5b-ae3a70d00f65";
				PROVISIONING_PROFILE_SPECIFIER = 922all;
			};
			name = Debug;
		};
		CB1331A31D7EBD9E00B99F04 /* Release */ = {
			isa = XCBuildConfiguration;
			buildSettings = {
				ASSETCATALOG_COMPILER_APPICON_NAME = AppIcon;
				DEVELOPMENT_TEAM = "";
				INFOPLIST_FILE = FrameworkBuilding/Info.plist;
				IPHONEOS_DEPLOYMENT_TARGET = 8.0;
				LD_RUNPATH_SEARCH_PATHS = "$(inherited) @executable_path/Frameworks";
				PRODUCT_BUNDLE_IDENTIFIER = cn.Yuuki.FrameworkBuilding;
				PRODUCT_NAME = "$(TARGET_NAME)";
			};
			name = Release;
		};
/* End XCBuildConfiguration section */

/* Begin XCConfigurationList section */
		CB1331851D7EBD9E00B99F04 /* Build configuration list for PBXProject "FrameworkBuilding" */ = {
			isa = XCConfigurationList;
			buildConfigurations = (
				CB13319F1D7EBD9E00B99F04 /* Debug */,
				CB1331A01D7EBD9E00B99F04 /* Release */,
			);
			defaultConfigurationIsVisible = 0;
			defaultConfigurationName = Release;
		};
		CB1331A11D7EBD9E00B99F04 /* Build configuration list for PBXNativeTarget "FrameworkBuilding" */ = {
			isa = XCConfigurationList;
			buildConfigurations = (
				CB1331A21D7EBD9E00B99F04 /* Debug */,
				CB1331A31D7EBD9E00B99F04 /* Release */,
			);
			defaultConfigurationIsVisible = 0;
			defaultConfigurationName = Release;
		};
/* End XCConfigurationList section */
	};
	rootObject = CB1331821D7EBD9E00B99F04 /* Project object */;
}
